// !$*UTF8*$!
{
	archiveVersion = 1;
	classes = {
	};
	objectVersion = 46;
	objects = {

/* Begin PBXBuildFile section */
		926EC0811C6CD79E00CDAB09 /* AppDelegate.swift in Sources */ = {isa = PBXBuildFile; fileRef = 926EC0801C6CD79E00CDAB09 /* AppDelegate.swift */; };
		926EC0881C6CD79E00CDAB09 /* Assets.xcassets in Resources */ = {isa = PBXBuildFile; fileRef = 926EC0871C6CD79E00CDAB09 /* Assets.xcassets */; };
		926EC0961C6CD79E00CDAB09 /* TicTacToeTests.swift in Sources */ = {isa = PBXBuildFile; fileRef = 926EC0951C6CD79E00CDAB09 /* TicTacToeTests.swift */; };
		926EC0A11C6CD79E00CDAB09 /* TicTacToeUITests.swift in Sources */ = {isa = PBXBuildFile; fileRef = 926EC0A01C6CD79E00CDAB09 /* TicTacToeUITests.swift */; };
		926EC0AF1C6CD7E300CDAB09 /* LaunchScreen.storyboard in Resources */ = {isa = PBXBuildFile; fileRef = 926EC0AE1C6CD7E300CDAB09 /* LaunchScreen.storyboard */; };
		926EC0B11C6CD80800CDAB09 /* Main.storyboard in Resources */ = {isa = PBXBuildFile; fileRef = 926EC0B01C6CD80800CDAB09 /* Main.storyboard */; };
		926EC0B31C6CD82C00CDAB09 /* StartingViewController.swift in Sources */ = {isa = PBXBuildFile; fileRef = 926EC0B21C6CD82C00CDAB09 /* StartingViewController.swift */; };
		926EC0B51C6CD8A200CDAB09 /* UIKitExtensions.swift in Sources */ = {isa = PBXBuildFile; fileRef = 926EC0B41C6CD8A200CDAB09 /* UIKitExtensions.swift */; };
		926EC0B81C6CD95500CDAB09 /* ReactiveCocoa.framework in Frameworks */ = {isa = PBXBuildFile; fileRef = 926EC0B61C6CD95500CDAB09 /* ReactiveCocoa.framework */; };
		926EC0B91C6CD95500CDAB09 /* Result.framework in Frameworks */ = {isa = PBXBuildFile; fileRef = 926EC0B71C6CD95500CDAB09 /* Result.framework */; };
		926EC0C01C6CDA0300CDAB09 /* RACUtils.swift in Sources */ = {isa = PBXBuildFile; fileRef = 926EC0BF1C6CDA0300CDAB09 /* RACUtils.swift */; };
		926EC0C21C6CDA6100CDAB09 /* Signals+Extensions.swift in Sources */ = {isa = PBXBuildFile; fileRef = 926EC0C11C6CDA6100CDAB09 /* Signals+Extensions.swift */; };
/* End PBXBuildFile section */

/* Begin PBXContainerItemProxy section */
		926EC0921C6CD79E00CDAB09 /* PBXContainerItemProxy */ = {
			isa = PBXContainerItemProxy;
			containerPortal = 926EC0751C6CD79E00CDAB09 /* Project object */;
			proxyType = 1;
			remoteGlobalIDString = 926EC07C1C6CD79E00CDAB09;
			remoteInfo = TicTacToe;
		};
		926EC09D1C6CD79E00CDAB09 /* PBXContainerItemProxy */ = {
			isa = PBXContainerItemProxy;
			containerPortal = 926EC0751C6CD79E00CDAB09 /* Project object */;
			proxyType = 1;
			remoteGlobalIDString = 926EC07C1C6CD79E00CDAB09;
			remoteInfo = TicTacToe;
		};
/* End PBXContainerItemProxy section */

/* Begin PBXFileReference section */
		926EC07D1C6CD79E00CDAB09 /* TicTacToe.app */ = {isa = PBXFileReference; explicitFileType = wrapper.application; includeInIndex = 0; path = TicTacToe.app; sourceTree = BUILT_PRODUCTS_DIR; };
		926EC0801C6CD79E00CDAB09 /* AppDelegate.swift */ = {isa = PBXFileReference; lastKnownFileType = sourcecode.swift; path = AppDelegate.swift; sourceTree = "<group>"; };
		926EC0871C6CD79E00CDAB09 /* Assets.xcassets */ = {isa = PBXFileReference; lastKnownFileType = folder.assetcatalog; path = Assets.xcassets; sourceTree = "<group>"; };
		926EC08C1C6CD79E00CDAB09 /* Info.plist */ = {isa = PBXFileReference; lastKnownFileType = text.plist.xml; path = Info.plist; sourceTree = "<group>"; };
		926EC0911C6CD79E00CDAB09 /* TicTacToeTests.xctest */ = {isa = PBXFileReference; explicitFileType = wrapper.cfbundle; includeInIndex = 0; path = TicTacToeTests.xctest; sourceTree = BUILT_PRODUCTS_DIR; };
		926EC0951C6CD79E00CDAB09 /* TicTacToeTests.swift */ = {isa = PBXFileReference; lastKnownFileType = sourcecode.swift; path = TicTacToeTests.swift; sourceTree = "<group>"; };
		926EC0971C6CD79E00CDAB09 /* Info.plist */ = {isa = PBXFileReference; lastKnownFileType = text.plist.xml; path = Info.plist; sourceTree = "<group>"; };
		926EC09C1C6CD79E00CDAB09 /* TicTacToeUITests.xctest */ = {isa = PBXFileReference; explicitFileType = wrapper.cfbundle; includeInIndex = 0; path = TicTacToeUITests.xctest; sourceTree = BUILT_PRODUCTS_DIR; };
		926EC0A01C6CD79E00CDAB09 /* TicTacToeUITests.swift */ = {isa = PBXFileReference; lastKnownFileType = sourcecode.swift; path = TicTacToeUITests.swift; sourceTree = "<group>"; };
		926EC0A21C6CD79E00CDAB09 /* Info.plist */ = {isa = PBXFileReference; lastKnownFileType = text.plist.xml; path = Info.plist; sourceTree = "<group>"; };
		926EC0AE1C6CD7E300CDAB09 /* LaunchScreen.storyboard */ = {isa = PBXFileReference; fileEncoding = 4; lastKnownFileType = file.storyboard; path = LaunchScreen.storyboard; sourceTree = "<group>"; };
		926EC0B01C6CD80800CDAB09 /* Main.storyboard */ = {isa = PBXFileReference; fileEncoding = 4; lastKnownFileType = file.storyboard; path = Main.storyboard; sourceTree = "<group>"; };
		926EC0B21C6CD82C00CDAB09 /* StartingViewController.swift */ = {isa = PBXFileReference; fileEncoding = 4; lastKnownFileType = sourcecode.swift; path = StartingViewController.swift; sourceTree = "<group>"; };
		926EC0B41C6CD8A200CDAB09 /* UIKitExtensions.swift */ = {isa = PBXFileReference; fileEncoding = 4; lastKnownFileType = sourcecode.swift; path = UIKitExtensions.swift; sourceTree = "<group>"; };
		926EC0B61C6CD95500CDAB09 /* ReactiveCocoa.framework */ = {isa = PBXFileReference; lastKnownFileType = wrapper.framework; name = ReactiveCocoa.framework; path = Carthage/Build/iOS/ReactiveCocoa.framework; sourceTree = "<group>"; };
		926EC0B71C6CD95500CDAB09 /* Result.framework */ = {isa = PBXFileReference; lastKnownFileType = wrapper.framework; name = Result.framework; path = Carthage/Build/iOS/Result.framework; sourceTree = "<group>"; };
		926EC0BF1C6CDA0300CDAB09 /* RACUtils.swift */ = {isa = PBXFileReference; fileEncoding = 4; lastKnownFileType = sourcecode.swift; path = RACUtils.swift; sourceTree = "<group>"; };
		926EC0C11C6CDA6100CDAB09 /* Signals+Extensions.swift */ = {isa = PBXFileReference; fileEncoding = 4; lastKnownFileType = sourcecode.swift; path = "Signals+Extensions.swift"; sourceTree = "<group>"; };
/* End PBXFileReference section */

/* Begin PBXFrameworksBuildPhase section */
		926EC07A1C6CD79E00CDAB09 /* Frameworks */ = {
			isa = PBXFrameworksBuildPhase;
			buildActionMask = 2147483647;
			files = (
				926EC0B81C6CD95500CDAB09 /* ReactiveCocoa.framework in Frameworks */,
				926EC0B91C6CD95500CDAB09 /* Result.framework in Frameworks */,
			);
			runOnlyForDeploymentPostprocessing = 0;
		};
		926EC08E1C6CD79E00CDAB09 /* Frameworks */ = {
			isa = PBXFrameworksBuildPhase;
			buildActionMask = 2147483647;
			files = (
			);
			runOnlyForDeploymentPostprocessing = 0;
		};
		926EC0991C6CD79E00CDAB09 /* Frameworks */ = {
			isa = PBXFrameworksBuildPhase;
			buildActionMask = 2147483647;
			files = (
			);
			runOnlyForDeploymentPostprocessing = 0;
		};
/* End PBXFrameworksBuildPhase section */

/* Begin PBXGroup section */
		926EC0741C6CD79E00CDAB09 = {
			isa = PBXGroup;
			children = (
				926EC0BE1C6CD9D600CDAB09 /* Frameworks */,
				926EC07F1C6CD79E00CDAB09 /* TicTacToe */,
				926EC0941C6CD79E00CDAB09 /* TicTacToeTests */,
				926EC09F1C6CD79E00CDAB09 /* TicTacToeUITests */,
				926EC07E1C6CD79E00CDAB09 /* Products */,
			);
			sourceTree = "<group>";
		};
		926EC07E1C6CD79E00CDAB09 /* Products */ = {
			isa = PBXGroup;
			children = (
				926EC07D1C6CD79E00CDAB09 /* TicTacToe.app */,
				926EC0911C6CD79E00CDAB09 /* TicTacToeTests.xctest */,
				926EC09C1C6CD79E00CDAB09 /* TicTacToeUITests.xctest */,
			);
			name = Products;
			sourceTree = "<group>";
		};
		926EC07F1C6CD79E00CDAB09 /* TicTacToe */ = {
			isa = PBXGroup;
			children = (
				926EC0801C6CD79E00CDAB09 /* AppDelegate.swift */,
				926EC0BC1C6CD9B700CDAB09 /* View */,
				926EC0BB1C6CD9A600CDAB09 /* Utils */,
				926EC0871C6CD79E00CDAB09 /* Assets.xcassets */,
				926EC0B01C6CD80800CDAB09 /* Main.storyboard */,
				926EC0AE1C6CD7E300CDAB09 /* LaunchScreen.storyboard */,
				926EC08C1C6CD79E00CDAB09 /* Info.plist */,
			);
			path = TicTacToe;
			sourceTree = "<group>";
		};
		926EC0941C6CD79E00CDAB09 /* TicTacToeTests */ = {
			isa = PBXGroup;
			children = (
				926EC0951C6CD79E00CDAB09 /* TicTacToeTests.swift */,
				926EC0971C6CD79E00CDAB09 /* Info.plist */,
			);
			path = TicTacToeTests;
			sourceTree = "<group>";
		};
		926EC09F1C6CD79E00CDAB09 /* TicTacToeUITests */ = {
			isa = PBXGroup;
			children = (
				926EC0A01C6CD79E00CDAB09 /* TicTacToeUITests.swift */,
				926EC0A21C6CD79E00CDAB09 /* Info.plist */,
			);
			path = TicTacToeUITests;
			sourceTree = "<group>";
		};
		926EC0BB1C6CD9A600CDAB09 /* Utils */ = {
			isa = PBXGroup;
			children = (
				926EC0B41C6CD8A200CDAB09 /* UIKitExtensions.swift */,
				926EC0BF1C6CDA0300CDAB09 /* RACUtils.swift */,
				926EC0C11C6CDA6100CDAB09 /* Signals+Extensions.swift */,
			);
			name = Utils;
			sourceTree = "<group>";
		};
		926EC0BC1C6CD9B700CDAB09 /* View */ = {
			isa = PBXGroup;
			children = (
				926EC0B21C6CD82C00CDAB09 /* StartingViewController.swift */,
			);
			name = View;
			sourceTree = "<group>";
		};
		926EC0BE1C6CD9D600CDAB09 /* Frameworks */ = {
			isa = PBXGroup;
			children = (
				926EC0B61C6CD95500CDAB09 /* ReactiveCocoa.framework */,
				926EC0B71C6CD95500CDAB09 /* Result.framework */,
			);
			name = Frameworks;
			sourceTree = "<group>";
		};
/* End PBXGroup section */

/* Begin PBXNativeTarget section */
		926EC07C1C6CD79E00CDAB09 /* TicTacToe */ = {
			isa = PBXNativeTarget;
			buildConfigurationList = 926EC0A51C6CD79E00CDAB09 /* Build configuration list for PBXNativeTarget "TicTacToe" */;
			buildPhases = (
				926EC0791C6CD79E00CDAB09 /* Sources */,
				926EC07A1C6CD79E00CDAB09 /* Frameworks */,
				926EC07B1C6CD79E00CDAB09 /* Resources */,
				926EC0BA1C6CD95E00CDAB09 /* ShellScript */,
			);
			buildRules = (
			);
			dependencies = (
			);
			name = TicTacToe;
			productName = TicTacToe;
			productReference = 926EC07D1C6CD79E00CDAB09 /* TicTacToe.app */;
			productType = "com.apple.product-type.application";
		};
		926EC0901C6CD79E00CDAB09 /* TicTacToeTests */ = {
			isa = PBXNativeTarget;
			buildConfigurationList = 926EC0A81C6CD79E00CDAB09 /* Build configuration list for PBXNativeTarget "TicTacToeTests" */;
			buildPhases = (
				926EC08D1C6CD79E00CDAB09 /* Sources */,
				926EC08E1C6CD79E00CDAB09 /* Frameworks */,
				926EC08F1C6CD79E00CDAB09 /* Resources */,
			);
			buildRules = (
			);
			dependencies = (
				926EC0931C6CD79E00CDAB09 /* PBXTargetDependency */,
			);
			name = TicTacToeTests;
			productName = TicTacToeTests;
			productReference = 926EC0911C6CD79E00CDAB09 /* TicTacToeTests.xctest */;
			productType = "com.apple.product-type.bundle.unit-test";
		};
		926EC09B1C6CD79E00CDAB09 /* TicTacToeUITests */ = {
			isa = PBXNativeTarget;
			buildConfigurationList = 926EC0AB1C6CD79E00CDAB09 /* Build configuration list for PBXNativeTarget "TicTacToeUITests" */;
			buildPhases = (
				926EC0981C6CD79E00CDAB09 /* Sources */,
				926EC0991C6CD79E00CDAB09 /* Frameworks */,
				926EC09A1C6CD79E00CDAB09 /* Resources */,
			);
			buildRules = (
			);
			dependencies = (
				926EC09E1C6CD79E00CDAB09 /* PBXTargetDependency */,
			);
			name = TicTacToeUITests;
			productName = TicTacToeUITests;
			productReference = 926EC09C1C6CD79E00CDAB09 /* TicTacToeUITests.xctest */;
			productType = "com.apple.product-type.bundle.ui-testing";
		};
/* End PBXNativeTarget section */

/* Begin PBXProject section */
		926EC0751C6CD79E00CDAB09 /* Project object */ = {
			isa = PBXProject;
			attributes = {
				LastSwiftUpdateCheck = 0720;
				LastUpgradeCheck = 0720;
				ORGANIZATIONNAME = "Zach Jiroun";
				TargetAttributes = {
					926EC07C1C6CD79E00CDAB09 = {
						CreatedOnToolsVersion = 7.2.1;
					};
					926EC0901C6CD79E00CDAB09 = {
						CreatedOnToolsVersion = 7.2.1;
						TestTargetID = 926EC07C1C6CD79E00CDAB09;
					};
					926EC09B1C6CD79E00CDAB09 = {
						CreatedOnToolsVersion = 7.2.1;
						TestTargetID = 926EC07C1C6CD79E00CDAB09;
					};
				};
			};
			buildConfigurationList = 926EC0781C6CD79E00CDAB09 /* Build configuration list for PBXProject "TicTacToe" */;
			compatibilityVersion = "Xcode 3.2";
			developmentRegion = English;
			hasScannedForEncodings = 0;
			knownRegions = (
				en,
				Base,
			);
			mainGroup = 926EC0741C6CD79E00CDAB09;
			productRefGroup = 926EC07E1C6CD79E00CDAB09 /* Products */;
			projectDirPath = "";
			projectRoot = "";
			targets = (
				926EC07C1C6CD79E00CDAB09 /* TicTacToe */,
				926EC0901C6CD79E00CDAB09 /* TicTacToeTests */,
				926EC09B1C6CD79E00CDAB09 /* TicTacToeUITests */,
			);
		};
/* End PBXProject section */

/* Begin PBXResourcesBuildPhase section */
		926EC07B1C6CD79E00CDAB09 /* Resources */ = {
			isa = PBXResourcesBuildPhase;
			buildActionMask = 2147483647;
			files = (
				926EC0B11C6CD80800CDAB09 /* Main.storyboard in Resources */,
				926EC0AF1C6CD7E300CDAB09 /* LaunchScreen.storyboard in Resources */,
				926EC0881C6CD79E00CDAB09 /* Assets.xcassets in Resources */,
			);
			runOnlyForDeploymentPostprocessing = 0;
		};
		926EC08F1C6CD79E00CDAB09 /* Resources */ = {
			isa = PBXResourcesBuildPhase;
			buildActionMask = 2147483647;
			files = (
			);
			runOnlyForDeploymentPostprocessing = 0;
		};
		926EC09A1C6CD79E00CDAB09 /* Resources */ = {
			isa = PBXResourcesBuildPhase;
			buildActionMask = 2147483647;
			files = (
			);
			runOnlyForDeploymentPostprocessing = 0;
		};
/* End PBXResourcesBuildPhase section */

/* Begin PBXShellScriptBuildPhase section */
		926EC0BA1C6CD95E00CDAB09 /* ShellScript */ = {
			isa = PBXShellScriptBuildPhase;
			buildActionMask = 2147483647;
			files = (
			);
			inputPaths = (
				"$(SRCROOT)/Carthage/Build/iOS/ReactiveCocoa.framework",
				"$(SRCROOT)/Carthage/Build/iOS/Result.framework",
			);
			outputPaths = (
			);
			runOnlyForDeploymentPostprocessing = 0;
			shellPath = /bin/sh;
			shellScript = "/usr/local/bin/carthage copy-frameworks";
		};
/* End PBXShellScriptBuildPhase section */

/* Begin PBXSourcesBuildPhase section */
		926EC0791C6CD79E00CDAB09 /* Sources */ = {
			isa = PBXSourcesBuildPhase;
			buildActionMask = 2147483647;
			files = (
				926EC0C01C6CDA0300CDAB09 /* RACUtils.swift in Sources */,
				926EC0B31C6CD82C00CDAB09 /* StartingViewController.swift in Sources */,
				926EC0C21C6CDA6100CDAB09 /* Signals+Extensions.swift in Sources */,
				926EC0811C6CD79E00CDAB09 /* AppDelegate.swift in Sources */,
				926EC0B51C6CD8A200CDAB09 /* UIKitExtensions.swift in Sources */,
			);
			runOnlyForDeploymentPostprocessing = 0;
		};
		926EC08D1C6CD79E00CDAB09 /* Sources */ = {
			isa = PBXSourcesBuildPhase;
			buildActionMask = 2147483647;
			files = (
				926EC0961C6CD79E00CDAB09 /* TicTacToeTests.swift in Sources */,
			);
			runOnlyForDeploymentPostprocessing = 0;
		};
		926EC0981C6CD79E00CDAB09 /* Sources */ = {
			isa = PBXSourcesBuildPhase;
			buildActionMask = 2147483647;
			files = (
				926EC0A11C6CD79E00CDAB09 /* TicTacToeUITests.swift in Sources */,
			);
			runOnlyForDeploymentPostprocessing = 0;
		};
/* End PBXSourcesBuildPhase section */

/* Begin PBXTargetDependency section */
		926EC0931C6CD79E00CDAB09 /* PBXTargetDependency */ = {
			isa = PBXTargetDependency;
			target = 926EC07C1C6CD79E00CDAB09 /* TicTacToe */;
			targetProxy = 926EC0921C6CD79E00CDAB09 /* PBXContainerItemProxy */;
		};
		926EC09E1C6CD79E00CDAB09 /* PBXTargetDependency */ = {
			isa = PBXTargetDependency;
			target = 926EC07C1C6CD79E00CDAB09 /* TicTacToe */;
			targetProxy = 926EC09D1C6CD79E00CDAB09 /* PBXContainerItemProxy */;
		};
/* End PBXTargetDependency section */

/* Begin XCBuildConfiguration section */
		926EC0A31C6CD79E00CDAB09 /* Debug */ = {
			isa = XCBuildConfiguration;
			buildSettings = {
				ALWAYS_SEARCH_USER_PATHS = NO;
				CLANG_CXX_LANGUAGE_STANDARD = "gnu++0x";
				CLANG_CXX_LIBRARY = "libc++";
				CLANG_ENABLE_MODULES = YES;
				CLANG_ENABLE_OBJC_ARC = YES;
				CLANG_WARN_BOOL_CONVERSION = YES;
				CLANG_WARN_CONSTANT_CONVERSION = YES;
				CLANG_WARN_DIRECT_OBJC_ISA_USAGE = YES_ERROR;
				CLANG_WARN_EMPTY_BODY = YES;
				CLANG_WARN_ENUM_CONVERSION = YES;
				CLANG_WARN_INT_CONVERSION = YES;
				CLANG_WARN_OBJC_ROOT_CLASS = YES_ERROR;
				CLANG_WARN_UNREACHABLE_CODE = YES;
				CLANG_WARN__DUPLICATE_METHOD_MATCH = YES;
				"CODE_SIGN_IDENTITY[sdk=iphoneos*]" = "iPhone Developer";
				COPY_PHASE_STRIP = NO;
				DEBUG_INFORMATION_FORMAT = dwarf;
				ENABLE_STRICT_OBJC_MSGSEND = YES;
				ENABLE_TESTABILITY = YES;
				GCC_C_LANGUAGE_STANDARD = gnu99;
				GCC_DYNAMIC_NO_PIC = NO;
				GCC_NO_COMMON_BLOCKS = YES;
				GCC_OPTIMIZATION_LEVEL = 0;
				GCC_PREPROCESSOR_DEFINITIONS = (
					"DEBUG=1",
					"$(inherited)",
				);
				GCC_WARN_64_TO_32_BIT_CONVERSION = YES;
				GCC_WARN_ABOUT_RETURN_TYPE = YES_ERROR;
				GCC_WARN_UNDECLARED_SELECTOR = YES;
				GCC_WARN_UNINITIALIZED_AUTOS = YES_AGGRESSIVE;
				GCC_WARN_UNUSED_FUNCTION = YES;
				GCC_WARN_UNUSED_VARIABLE = YES;
				IPHONEOS_DEPLOYMENT_TARGET = 9.2;
				MTL_ENABLE_DEBUG_INFO = YES;
				ONLY_ACTIVE_ARCH = YES;
				SDKROOT = iphoneos;
				SWIFT_OPTIMIZATION_LEVEL = "-Onone";
			};
			name = Debug;
		};
		926EC0A41C6CD79E00CDAB09 /* Release */ = {
			isa = XCBuildConfiguration;
			buildSettings = {
				ALWAYS_SEARCH_USER_PATHS = NO;
				CLANG_CXX_LANGUAGE_STANDARD = "gnu++0x";
				CLANG_CXX_LIBRARY = "libc++";
				CLANG_ENABLE_MODULES = YES;
				CLANG_ENABLE_OBJC_ARC = YES;
				CLANG_WARN_BOOL_CONVERSION = YES;
				CLANG_WARN_CONSTANT_CONVERSION = YES;
				CLANG_WARN_DIRECT_OBJC_ISA_USAGE = YES_ERROR;
				CLANG_WARN_EMPTY_BODY = YES;
				CLANG_WARN_ENUM_CONVERSION = YES;
				CLANG_WARN_INT_CONVERSION = YES;
				CLANG_WARN_OBJC_ROOT_CLASS = YES_ERROR;
				CLANG_WARN_UNREACHABLE_CODE = YES;
				CLANG_WARN__DUPLICATE_METHOD_MATCH = YES;
				"CODE_SIGN_IDENTITY[sdk=iphoneos*]" = "iPhone Developer";
				COPY_PHASE_STRIP = NO;
				DEBUG_INFORMATION_FORMAT = "dwarf-with-dsym";
				ENABLE_NS_ASSERTIONS = NO;
				ENABLE_STRICT_OBJC_MSGSEND = YES;
				GCC_C_LANGUAGE_STANDARD = gnu99;
				GCC_NO_COMMON_BLOCKS = YES;
				GCC_WARN_64_TO_32_BIT_CONVERSION = YES;
				GCC_WARN_ABOUT_RETURN_TYPE = YES_ERROR;
				GCC_WARN_UNDECLARED_SELECTOR = YES;
				GCC_WARN_UNINITIALIZED_AUTOS = YES_AGGRESSIVE;
				GCC_WARN_UNUSED_FUNCTION = YES;
				GCC_WARN_UNUSED_VARIABLE = YES;
				IPHONEOS_DEPLOYMENT_TARGET = 9.2;
				MTL_ENABLE_DEBUG_INFO = NO;
				SDKROOT = iphoneos;
				VALIDATE_PRODUCT = YES;
			};
			name = Release;
		};
		926EC0A61C6CD79E00CDAB09 /* Debug */ = {
			isa = XCBuildConfiguration;
			buildSettings = {
				ASSETCATALOG_COMPILER_APPICON_NAME = AppIcon;
				FRAMEWORK_SEARCH_PATHS = (
					"$(inherited)",
					"$(PROJECT_DIR)/Carthage/Build/iOS",
				);
				INFOPLIST_FILE = TicTacToe/Info.plist;
				LD_RUNPATH_SEARCH_PATHS = "$(inherited) @executable_path/Frameworks";
				PRODUCT_BUNDLE_IDENTIFIER = com.hackzach.TicTacToe;
				PRODUCT_NAME = "$(TARGET_NAME)";
			};
			name = Debug;
		};
		926EC0A71C6CD79E00CDAB09 /* Release */ = {
			isa = XCBuildConfiguration;
			buildSettings = {
				ASSETCATALOG_COMPILER_APPICON_NAME = AppIcon;
				FRAMEWORK_SEARCH_PATHS = (
					"$(inherited)",
					"$(PROJECT_DIR)/Carthage/Build/iOS",
				);
				INFOPLIST_FILE = TicTacToe/Info.plist;
				LD_RUNPATH_SEARCH_PATHS = "$(inherited) @executable_path/Frameworks";
				PRODUCT_BUNDLE_IDENTIFIER = com.hackzach.TicTacToe;
				PRODUCT_NAME = "$(TARGET_NAME)";
			};
			name = Release;
		};
		926EC0A91C6CD79E00CDAB09 /* Debug */ = {
			isa = XCBuildConfiguration;
			buildSettings = {
				BUNDLE_LOADER = "$(TEST_HOST)";
				INFOPLIST_FILE = TicTacToeTests/Info.plist;
				LD_RUNPATH_SEARCH_PATHS = "$(inherited) @executable_path/Frameworks @loader_path/Frameworks";
				PRODUCT_BUNDLE_IDENTIFIER = com.hackzach.TicTacToeTests;
				PRODUCT_NAME = "$(TARGET_NAME)";
				TEST_HOST = "$(BUILT_PRODUCTS_DIR)/TicTacToe.app/TicTacToe";
			};
			name = Debug;
		};
		926EC0AA1C6CD79E00CDAB09 /* Release */ = {
			isa = XCBuildConfiguration;
			buildSettings = {
				BUNDLE_LOADER = "$(TEST_HOST)";
				INFOPLIST_FILE = TicTacToeTests/Info.plist;
				LD_RUNPATH_SEARCH_PATHS = "$(inherited) @executable_path/Frameworks @loader_path/Frameworks";
				PRODUCT_BUNDLE_IDENTIFIER = com.hackzach.TicTacToeTests;
				PRODUCT_NAME = "$(TARGET_NAME)";
				TEST_HOST = "$(BUILT_PRODUCTS_DIR)/TicTacToe.app/TicTacToe";
			};
			name = Release;
		};
		926EC0AC1C6CD79E00CDAB09 /* Debug */ = {
			isa = XCBuildConfiguration;
			buildSettings = {
				INFOPLIST_FILE = TicTacToeUITests/Info.plist;
				LD_RUNPATH_SEARCH_PATHS = "$(inherited) @executable_path/Frameworks @loader_path/Frameworks";
				PRODUCT_BUNDLE_IDENTIFIER = com.hackzach.TicTacToeUITests;
				PRODUCT_NAME = "$(TARGET_NAME)";
				TEST_TARGET_NAME = TicTacToe;
				USES_XCTRUNNER = YES;
			};
			name = Debug;
		};
		926EC0AD1C6CD79E00CDAB09 /* Release */ = {
			isa = XCBuildConfiguration;
			buildSettings = {
				INFOPLIST_FILE = TicTacToeUITests/Info.plist;
				LD_RUNPATH_SEARCH_PATHS = "$(inherited) @executable_path/Frameworks @loader_path/Frameworks";
				PRODUCT_BUNDLE_IDENTIFIER = com.hackzach.TicTacToeUITests;
				PRODUCT_NAME = "$(TARGET_NAME)";
				TEST_TARGET_NAME = TicTacToe;
				USES_XCTRUNNER = YES;
			};
			name = Release;
		};
/* End XCBuildConfiguration section */

/* Begin XCConfigurationList section */
		926EC0781C6CD79E00CDAB09 /* Build configuration list for PBXProject "TicTacToe" */ = {
			isa = XCConfigurationList;
			buildConfigurations = (
				926EC0A31C6CD79E00CDAB09 /* Debug */,
				926EC0A41C6CD79E00CDAB09 /* Release */,
			);
			defaultConfigurationIsVisible = 0;
			defaultConfigurationName = Release;
		};
		926EC0A51C6CD79E00CDAB09 /* Build configuration list for PBXNativeTarget "TicTacToe" */ = {
			isa = XCConfigurationList;
			buildConfigurations = (
				926EC0A61C6CD79E00CDAB09 /* Debug */,
				926EC0A71C6CD79E00CDAB09 /* Release */,
			);
			defaultConfigurationIsVisible = 0;
		};
		926EC0A81C6CD79E00CDAB09 /* Build configuration list for PBXNativeTarget "TicTacToeTests" */ = {
			isa = XCConfigurationList;
			buildConfigurations = (
				926EC0A91C6CD79E00CDAB09 /* Debug */,
				926EC0AA1C6CD79E00CDAB09 /* Release */,
			);
			defaultConfigurationIsVisible = 0;
		};
		926EC0AB1C6CD79E00CDAB09 /* Build configuration list for PBXNativeTarget "TicTacToeUITests" */ = {
			isa = XCConfigurationList;
			buildConfigurations = (
				926EC0AC1C6CD79E00CDAB09 /* Debug */,
				926EC0AD1C6CD79E00CDAB09 /* Release */,
			);
			defaultConfigurationIsVisible = 0;
		};
/* End XCConfigurationList section */
	};
	rootObject = 926EC0751C6CD79E00CDAB09 /* Project object */;
}
